
Microsoft Visual Studio Solution File, Format Version 12.00
# Visual Studio Version 16
VisualStudioVersion = 16.0.29025.244
MinimumVisualStudioVersion = 10.0.40219.1
Project("{9A19103F-16F7-4668-BE54-9A1E7A4F7556}") = "CommandPrompt", "src\CommandPrompt\CommandPrompt.csproj", "{A6E99A68-2416-4B2C-85E5-801E2C06A505}"
EndProject
Project("{9A19103F-16F7-4668-BE54-9A1E7A4F7556}") = "CommandPrompt.Tests", "src\CommandPrompt.Tests\CommandPrompt.Tests.csproj", "{C7BCAE09-2BBC-4517-A358-3553E02FD986}"
EndProject
Project("{9A19103F-16F7-4668-BE54-9A1E7A4F7556}") = "CommandPrompt.Demo", "src\CommandPrompt.Demo\CommandPrompt.Demo.csproj", "{76A3EC6A-00E3-4028-AC7B-988B5A866BD8}"
EndProject
Project("{2150E333-8FDC-42A3-9474-1A3956D46DE8}") = "Solution Items", "Solution Items", "{D974961D-F017-41BB-9286-DE6F9562F8E9}"
	ProjectSection(SolutionItems) = preProject
		.gitignore = .gitignore
		appveyor.yml = appveyor.yml
		LICENSE = LICENSE
		README.md = README.md
	EndProjectSection
EndProject
Project("{9A19103F-16F7-4668-BE54-9A1E7A4F7556}") = "CommandPrompt.Extension.AutoFac", "src\CommandPrompt.Extension.AutoFac\CommandPrompt.Extension.AutoFac.csproj", "{FEE4CF13-E417-41FB-941D-945E758B266C}"
EndProject
Project("{FAE04EC0-301F-11D3-BF4B-00C04F79EFBC}") = "CommandPrompt.Extension.MemoryDump", "CommandPrompt.Extension.MemoryDump\CommandPrompt.Extension.MemoryDump.csproj", "{D456BD25-5959-4A4A-8887-CDEF0FFBC664}"
EndProject
Global
	GlobalSection(SolutionConfigurationPlatforms) = preSolution
		Debug|Any CPU = Debug|Any CPU
		Release|Any CPU = Release|Any CPU
	EndGlobalSection
	GlobalSection(ProjectConfigurationPlatforms) = postSolution
		{A6E99A68-2416-4B2C-85E5-801E2C06A505}.Debug|Any CPU.ActiveCfg = Debug|Any CPU
		{A6E99A68-2416-4B2C-85E5-801E2C06A505}.Debug|Any CPU.Build.0 = Debug|Any CPU
		{A6E99A68-2416-4B2C-85E5-801E2C06A505}.Release|Any CPU.ActiveCfg = Release|Any CPU
		{A6E99A68-2416-4B2C-85E5-801E2C06A505}.Release|Any CPU.Build.0 = Release|Any CPU
		{C7BCAE09-2BBC-4517-A358-3553E02FD986}.Debug|Any CPU.ActiveCfg = Debug|Any CPU
		{C7BCAE09-2BBC-4517-A358-3553E02FD986}.Debug|Any CPU.Build.0 = Debug|Any CPU
		{C7BCAE09-2BBC-4517-A358-3553E02FD986}.Release|Any CPU.ActiveCfg = Release|Any CPU
		{C7BCAE09-2BBC-4517-A358-3553E02FD986}.Release|Any CPU.Build.0 = Release|Any CPU
		{76A3EC6A-00E3-4028-AC7B-988B5A866BD8}.Debug|Any CPU.ActiveCfg = Debug|Any CPU
		{76A3EC6A-00E3-4028-AC7B-988B5A866BD8}.Debug|Any CPU.Build.0 = Debug|Any CPU
		{76A3EC6A-00E3-4028-AC7B-988B5A866BD8}.Release|Any CPU.ActiveCfg = Release|Any CPU
		{76A3EC6A-00E3-4028-AC7B-988B5A866BD8}.Release|Any CPU.Build.0 = Release|Any CPU
		{FEE4CF13-E417-41FB-941D-945E758B266C}.Debug|Any CPU.ActiveCfg = Debug|Any CPU
		{FEE4CF13-E417-41FB-941D-945E758B266C}.Debug|Any CPU.Build.0 = Debug|Any CPU
		{FEE4CF13-E417-41FB-941D-945E758B266C}.Release|Any CPU.ActiveCfg = Release|Any CPU
		{FEE4CF13-E417-41FB-941D-945E758B266C}.Release|Any CPU.Build.0 = Release|Any CPU
		{D456BD25-5959-4A4A-8887-CDEF0FFBC664}.Debug|Any CPU.ActiveCfg = Debug|Any CPU
		{D456BD25-5959-4A4A-8887-CDEF0FFBC664}.Debug|Any CPU.Build.0 = Debug|Any CPU
		{D456BD25-5959-4A4A-8887-CDEF0FFBC664}.Release|Any CPU.ActiveCfg = Release|Any CPU
		{D456BD25-5959-4A4A-8887-CDEF0FFBC664}.Release|Any CPU.Build.0 = Release|Any CPU
	EndGlobalSection
	GlobalSection(SolutionProperties) = preSolution
		HideSolutionNode = FALSE
	EndGlobalSection
	GlobalSection(ExtensibilityGlobals) = postSolution
		SolutionGuid = {19D53F50-4378-4AFE-9457-218889F56738}
	EndGlobalSection
EndGlobal
